{
  "pins" : [
    {
      "identity" : "input-mask-ios",
      "kind" : "remoteSourceControl",
      "location" : "https://github.com/RedMadRobot/input-mask-ios",
      "state" : {
        "branch" : "master",
        "revision" : "a4cc8bbca42da9a735d4016d9eeefd9a38019a6b"
      }
    }
  ],
  "version" : 2
}
