// !$*UTF8*$!
{
	archiveVersion = 1;
	classes = {
	};
	objectVersion = 56;
	objects = {

/* Begin PBXBuildFile section */
		8A14315529CDE7370026898C /* MaskedTextField.swift in Sources */ = {isa = PBXBuildFile; fileRef = 8A14315429CDE7370026898C /* MaskedTextField.swift */; };
		8A1C5C8A29CB0EEF00896D32 /* InputMaskSwiftUIApp.swift in Sources */ = {isa = PBXBuildFile; fileRef = 8A1C5C8929CB0EEF00896D32 /* InputMaskSwiftUIApp.swift */; };
		8A1C5C8C29CB0EEF00896D32 /* ContentView.swift in Sources */ = {isa = PBXBuildFile; fileRef = 8A1C5C8B29CB0EEF00896D32 /* ContentView.swift */; };
		8A1C5C8E29CB0EF000896D32 /* Assets.xcassets in Resources */ = {isa = PBXBuildFile; fileRef = 8A1C5C8D29CB0EF000896D32 /* Assets.xcassets */; };
		8A1C5C9129CB0EF000896D32 /* Preview Assets.xcassets in Resources */ = {isa = PBXBuildFile; fileRef = 8A1C5C9029CB0EF000896D32 /* Preview Assets.xcassets */; };
		8A205E9E29D6EED80019D86E /* InputMask in Frameworks */ = {isa = PBXBuildFile; productRef = 8A205E9D29D6EED80019D86E /* InputMask */; };
/* End PBXBuildFile section */

/* Begin PBXFileReference section */
		8A14315429CDE7370026898C /* MaskedTextField.swift */ = {isa = PBXFileReference; lastKnownFileType = sourcecode.swift; path = MaskedTextField.swift; sourceTree = "<group>"; };
		8A1C5C8629CB0EEF00896D32 /* InputMaskSwiftUI.app */ = {isa = PBXFileReference; explicitFileType = wrapper.application; includeInIndex = 0; path = InputMaskSwiftUI.app; sourceTree = BUILT_PRODUCTS_DIR; };
		8A1C5C8929CB0EEF00896D32 /* InputMaskSwiftUIApp.swift */ = {isa = PBXFileReference; lastKnownFileType = sourcecode.swift; path = InputMaskSwiftUIApp.swift; sourceTree = "<group>"; };
		8A1C5C8B29CB0EEF00896D32 /* ContentView.swift */ = {isa = PBXFileReference; lastKnownFileType = sourcecode.swift; path = ContentView.swift; sourceTree = "<group>"; };
		8A1C5C8D29CB0EF000896D32 /* Assets.xcassets */ = {isa = PBXFileReference; lastKnownFileType = folder.assetcatalog; path = Assets.xcassets; sourceTree = "<group>"; };
		8A1C5C9029CB0EF000896D32 /* Preview Assets.xcassets */ = {isa = PBXFileReference; lastKnownFileType = folder.assetcatalog; path = "Preview Assets.xcassets"; sourceTree = "<group>"; };
		8ADFF0A829CC57B9003C3908 /* Info.plist */ = {isa = PBXFileReference; lastKnownFileType = text.plist; path = Info.plist; sourceTree = "<group>"; };
/* End PBXFileReference section */

/* Begin PBXFrameworksBuildPhase section */
		8A1C5C8329CB0EEF00896D32 /* Frameworks */ = {
			isa = PBXFrameworksBuildPhase;
			buildActionMask = 2147483647;
			files = (
				8A205E9E29D6EED80019D86E /* InputMask in Frameworks */,
			);
			runOnlyForDeploymentPostprocessing = 0;
		};
/* End PBXFrameworksBuildPhase section */

/* Begin PBXGroup section */
		8A1C5C7D29CB0EEF00896D32 = {
			isa = PBXGroup;
			children = (
				8A1C5C8829CB0EEF00896D32 /* InputMaskSwiftUI */,
				8A1C5C8729CB0EEF00896D32 /* Products */,
			);
			sourceTree = "<group>";
		};
		8A1C5C8729CB0EEF00896D32 /* Products */ = {
			isa = PBXGroup;
			children = (
				8A1C5C8629CB0EEF00896D32 /* InputMaskSwiftUI.app */,
			);
			name = Products;
			sourceTree = "<group>";
		};
		8A1C5C8829CB0EEF00896D32 /* InputMaskSwiftUI */ = {
			isa = PBXGroup;
			children = (
				8A1C5C8D29CB0EF000896D32 /* Assets.xcassets */,
				8A1C5C8B29CB0EEF00896D32 /* ContentView.swift */,
				8ADFF0A829CC57B9003C3908 /* Info.plist */,
				8A1C5C8929CB0EEF00896D32 /* InputMaskSwiftUIApp.swift */,
				8A1C5C8F29CB0EF000896D32 /* Preview Content */,
				8A14315429CDE7370026898C /* MaskedTextField.swift */,
			);
			path = InputMaskSwiftUI;
			sourceTree = "<group>";
		};
		8A1C5C8F29CB0EF000896D32 /* Preview Content */ = {
			isa = PBXGroup;
			children = (
				8A1C5C9029CB0EF000896D32 /* Preview Assets.xcassets */,
			);
			path = "Preview Content";
			sourceTree = "<group>";
		};
/* End PBXGroup section */

/* Begin PBXNativeTarget section */
		8A1C5C8529CB0EEF00896D32 /* InputMaskSwiftUI */ = {
			isa = PBXNativeTarget;
			buildConfigurationList = 8A1C5C9429CB0EF000896D32 /* Build configuration list for PBXNativeTarget "InputMaskSwiftUI" */;
			buildPhases = (
				8A1C5C8229CB0EEF00896D32 /* Sources */,
				8A1C5C8329CB0EEF00896D32 /* Frameworks */,
				8A1C5C8429CB0EEF00896D32 /* Resources */,
			);
			buildRules = (
			);
			dependencies = (
			);
			name = InputMaskSwiftUI;
			packageProductDependencies = (
				8A205E9D29D6EED80019D86E /* InputMask */,
			);
			productName = InputMaskSwiftUI;
			productReference = 8A1C5C8629CB0EEF00896D32 /* InputMaskSwiftUI.app */;
			productType = "com.apple.product-type.application";
		};
/* End PBXNativeTarget section */

/* Begin PBXProject section */
		8A1C5C7E29CB0EEF00896D32 /* Project object */ = {
			isa = PBXProject;
			attributes = {
				BuildIndependentTargetsInParallel = 1;
				LastSwiftUpdateCheck = 1420;
				LastUpgradeCheck = 1420;
				TargetAttributes = {
					8A1C5C8529CB0EEF00896D32 = {
						CreatedOnToolsVersion = 14.2;
					};
				};
			};
			buildConfigurationList = 8A1C5C8129CB0EEF00896D32 /* Build configuration list for PBXProject "InputMaskSwiftUI" */;
			compatibilityVersion = "Xcode 14.0";
			developmentRegion = en;
			hasScannedForEncodings = 0;
			knownRegions = (
				en,
				Base,
			);
			mainGroup = 8A1C5C7D29CB0EEF00896D32;
			packageReferences = (
				8A205E9C29D6EED80019D86E /* XCRemoteSwiftPackageReference "input-mask-ios" */,
			);
			productRefGroup = 8A1C5C8729CB0EEF00896D32 /* Products */;
			projectDirPath = "";
			projectRoot = "";
			targets = (
				8A1C5C8529CB0EEF00896D32 /* InputMaskSwiftUI */,
			);
		};
/* End PBXProject section */

/* Begin PBXResourcesBuildPhase section */
		8A1C5C8429CB0EEF00896D32 /* Resources */ = {
			isa = PBXResourcesBuildPhase;
			buildActionMask = 2147483647;
			files = (
				8A1C5C9129CB0EF000896D32 /* Preview Assets.xcassets in Resources */,
				8A1C5C8E29CB0EF000896D32 /* Assets.xcassets in Resources */,
			);
			runOnlyForDeploymentPostprocessing = 0;
		};
/* End PBXResourcesBuildPhase section */

/* Begin PBXSourcesBuildPhase section */
		8A1C5C8229CB0EEF00896D32 /* Sources */ = {
			isa = PBXSourcesBuildPhase;
			buildActionMask = 2147483647;
			files = (
				8A1C5C8C29CB0EEF00896D32 /* ContentView.swift in Sources */,
				8A14315529CDE7370026898C /* MaskedTextField.swift in Sources */,
				8A1C5C8A29CB0EEF00896D32 /* InputMaskSwiftUIApp.swift in Sources */,
			);
			runOnlyForDeploymentPostprocessing = 0;
		};
/* End PBXSourcesBuildPhase section */

/* Begin XCBuildConfiguration section */
		8A1C5C9229CB0EF000896D32 /* Debug */ = {
			isa = XCBuildConfiguration;
			buildSettings = {
				ALWAYS_SEARCH_USER_PATHS = NO;
				CLANG_ANALYZER_NONNULL = YES;
				CLANG_ANALYZER_NUMBER_OBJECT_CONVERSION = YES_AGGRESSIVE;
				CLANG_CXX_LANGUAGE_STANDARD = "gnu++20";
				CLANG_ENABLE_MODULES = YES;
				CLANG_ENABLE_OBJC_ARC = YES;
				CLANG_ENABLE_OBJC_WEAK = YES;
				CLANG_WARN_BLOCK_CAPTURE_AUTORELEASING = YES;
				CLANG_WARN_BOOL_CONVERSION = YES;
				CLANG_WARN_COMMA = YES;
				CLANG_WARN_CONSTANT_CONVERSION = YES;
				CLANG_WARN_DEPRECATED_OBJC_IMPLEMENTATIONS = YES;
				CLANG_WARN_DIRECT_OBJC_ISA_USAGE = YES_ERROR;
				CLANG_WARN_DOCUMENTATION_COMMENTS = YES;
				CLANG_WARN_EMPTY_BODY = YES;
				CLANG_WARN_ENUM_CONVERSION = YES;
				CLANG_WARN_INFINITE_RECURSION = YES;
				CLANG_WARN_INT_CONVERSION = YES;
				CLANG_WARN_NON_LITERAL_NULL_CONVERSION = YES;
				CLANG_WARN_OBJC_IMPLICIT_RETAIN_SELF = YES;
				CLANG_WARN_OBJC_LITERAL_CONVERSION = YES;
				CLANG_WARN_OBJC_ROOT_CLASS = YES_ERROR;
				CLANG_WARN_QUOTED_INCLUDE_IN_FRAMEWORK_HEADER = YES;
				CLANG_WARN_RANGE_LOOP_ANALYSIS = YES;
				CLANG_WARN_STRICT_PROTOTYPES = YES;
				CLANG_WARN_SUSPICIOUS_MOVE = YES;
				CLANG_WARN_UNGUARDED_AVAILABILITY = YES_AGGRESSIVE;
				CLANG_WARN_UNREACHABLE_CODE = YES;
				CLANG_WARN__DUPLICATE_METHOD_MATCH = YES;
				COPY_PHASE_STRIP = NO;
				DEBUG_INFORMATION_FORMAT = dwarf;
				ENABLE_STRICT_OBJC_MSGSEND = YES;
				ENABLE_TESTABILITY = YES;
				GCC_C_LANGUAGE_STANDARD = gnu11;
				GCC_DYNAMIC_NO_PIC = NO;
				GCC_NO_COMMON_BLOCKS = YES;
				GCC_OPTIMIZATION_LEVEL = 0;
				GCC_PREPROCESSOR_DEFINITIONS = (
					"DEBUG=1",
					"$(inherited)",
				);
				GCC_WARN_64_TO_32_BIT_CONVERSION = YES;
				GCC_WARN_ABOUT_RETURN_TYPE = YES_ERROR;
				GCC_WARN_UNDECLARED_SELECTOR = YES;
				GCC_WARN_UNINITIALIZED_AUTOS = YES_AGGRESSIVE;
				GCC_WARN_UNUSED_FUNCTION = YES;
				GCC_WARN_UNUSED_VARIABLE = YES;
				IPHONEOS_DEPLOYMENT_TARGET = 16.2;
				MTL_ENABLE_DEBUG_INFO = INCLUDE_SOURCE;
				MTL_FAST_MATH = YES;
				ONLY_ACTIVE_ARCH = YES;
				SDKROOT = iphoneos;
				SWIFT_ACTIVE_COMPILATION_CONDITIONS = DEBUG;
				SWIFT_OPTIMIZATION_LEVEL = "-Onone";
			};
			name = Debug;
		};
		8A1C5C9329CB0EF000896D32 /* Release */ = {
			isa = XCBuildConfiguration;
			buildSettings = {
				ALWAYS_SEARCH_USER_PATHS = NO;
				CLANG_ANALYZER_NONNULL = YES;
				CLANG_ANALYZER_NUMBER_OBJECT_CONVERSION = YES_AGGRESSIVE;
				CLANG_CXX_LANGUAGE_STANDARD = "gnu++20";
				CLANG_ENABLE_MODULES = YES;
				CLANG_ENABLE_OBJC_ARC = YES;
				CLANG_ENABLE_OBJC_WEAK = YES;
				CLANG_WARN_BLOCK_CAPTURE_AUTORELEASING = YES;
				CLANG_WARN_BOOL_CONVERSION = YES;
				CLANG_WARN_COMMA = YES;
				CLANG_WARN_CONSTANT_CONVERSION = YES;
				CLANG_WARN_DEPRECATED_OBJC_IMPLEMENTATIONS = YES;
				CLANG_WARN_DIRECT_OBJC_ISA_USAGE = YES_ERROR;
				CLANG_WARN_DOCUMENTATION_COMMENTS = YES;
				CLANG_WARN_EMPTY_BODY = YES;
				CLANG_WARN_ENUM_CONVERSION = YES;
				CLANG_WARN_INFINITE_RECURSION = YES;
				CLANG_WARN_INT_CONVERSION = YES;
				CLANG_WARN_NON_LITERAL_NULL_CONVERSION = YES;
				CLANG_WARN_OBJC_IMPLICIT_RETAIN_SELF = YES;
				CLANG_WARN_OBJC_LITERAL_CONVERSION = YES;
				CLANG_WARN_OBJC_ROOT_CLASS = YES_ERROR;
				CLANG_WARN_QUOTED_INCLUDE_IN_FRAMEWORK_HEADER = YES;
				CLANG_WARN_RANGE_LOOP_ANALYSIS = YES;
				CLANG_WARN_STRICT_PROTOTYPES = YES;
				CLANG_WARN_SUSPICIOUS_MOVE = YES;
				CLANG_WARN_UNGUARDED_AVAILABILITY = YES_AGGRESSIVE;
				CLANG_WARN_UNREACHABLE_CODE = YES;
				CLANG_WARN__DUPLICATE_METHOD_MATCH = YES;
				COPY_PHASE_STRIP = NO;
				DEBUG_INFORMATION_FORMAT = "dwarf-with-dsym";
				ENABLE_NS_ASSERTIONS = NO;
				ENABLE_STRICT_OBJC_MSGSEND = YES;
				GCC_C_LANGUAGE_STANDARD = gnu11;
				GCC_NO_COMMON_BLOCKS = YES;
				GCC_WARN_64_TO_32_BIT_CONVERSION = YES;
				GCC_WARN_ABOUT_RETURN_TYPE = YES_ERROR;
				GCC_WARN_UNDECLARED_SELECTOR = YES;
				GCC_WARN_UNINITIALIZED_AUTOS = YES_AGGRESSIVE;
				GCC_WARN_UNUSED_FUNCTION = YES;
				GCC_WARN_UNUSED_VARIABLE = YES;
				IPHONEOS_DEPLOYMENT_TARGET = 16.2;
				MTL_ENABLE_DEBUG_INFO = NO;
				MTL_FAST_MATH = YES;
				SDKROOT = iphoneos;
				SWIFT_COMPILATION_MODE = wholemodule;
				SWIFT_OPTIMIZATION_LEVEL = "-O";
				VALIDATE_PRODUCT = YES;
			};
			name = Release;
		};
		8A1C5C9529CB0EF000896D32 /* Debug */ = {
			isa = XCBuildConfiguration;
			buildSettings = {
				ASSETCATALOG_COMPILER_APPICON_NAME = AppIcon;
				ASSETCATALOG_COMPILER_GLOBAL_ACCENT_COLOR_NAME = AccentColor;
				CODE_SIGN_STYLE = Automatic;
				CURRENT_PROJECT_VERSION = 1;
				DEVELOPMENT_ASSET_PATHS = "\"InputMaskSwiftUI/Preview Content\"";
				DEVELOPMENT_TEAM = M87D74B2XJ;
				ENABLE_PREVIEWS = YES;
				GENERATE_INFOPLIST_FILE = YES;
				INFOPLIST_FILE = InputMaskSwiftUI/Info.plist;
				INFOPLIST_KEY_LSApplicationCategoryType = "public.app-category.utilities";
				INFOPLIST_KEY_UIApplicationSupportsIndirectInputEvents = YES;
				INFOPLIST_KEY_UILaunchScreen_Generation = YES;
				INFOPLIST_KEY_UISupportedInterfaceOrientations = "UIInterfaceOrientationLandscapeLeft UIInterfaceOrientationLandscapeRight UIInterfaceOrientationPortrait";
				INFOPLIST_KEY_UISupportedInterfaceOrientations_iPad = "UIInterfaceOrientationLandscapeLeft UIInterfaceOrientationLandscapeRight UIInterfaceOrientationPortrait UIInterfaceOrientationPortraitUpsideDown";
				IPHONEOS_DEPLOYMENT_TARGET = 15.0;
				LD_RUNPATH_SEARCH_PATHS = (
					"$(inherited)",
					"@executable_path/Frameworks",
				);
				MARKETING_VERSION = 1.0;
				PRODUCT_BUNDLE_IDENTIFIER = xyz.taflanidi.InputMaskSwiftUI;
				PRODUCT_NAME = "$(TARGET_NAME)";
				SWIFT_EMIT_LOC_STRINGS = YES;
				SWIFT_VERSION = 5.0;
				TARGETED_DEVICE_FAMILY = "1,2";
			};
			name = Debug;
		};
		8A1C5C9629CB0EF000896D32 /* Release */ = {
			isa = XCBuildConfiguration;
			buildSettings = {
				ASSETCATALOG_COMPILER_APPICON_NAME = AppIcon;
				ASSETCATALOG_COMPILER_GLOBAL_ACCENT_COLOR_NAME = AccentColor;
				CODE_SIGN_STYLE = Automatic;
				CURRENT_PROJECT_VERSION = 1;
				DEVELOPMENT_ASSET_PATHS = "\"InputMaskSwiftUI/Preview Content\"";
				DEVELOPMENT_TEAM = M87D74B2XJ;
				ENABLE_PREVIEWS = YES;
				GENERATE_INFOPLIST_FILE = YES;
				INFOPLIST_FILE = InputMaskSwiftUI/Info.plist;
				INFOPLIST_KEY_LSApplicationCategoryType = "public.app-category.utilities";
				INFOPLIST_KEY_UIApplicationSupportsIndirectInputEvents = YES;
				INFOPLIST_KEY_UILaunchScreen_Generation = YES;
				INFOPLIST_KEY_UISupportedInterfaceOrientations = "UIInterfaceOrientationLandscapeLeft UIInterfaceOrientationLandscapeRight UIInterfaceOrientationPortrait";
				INFOPLIST_KEY_UISupportedInterfaceOrientations_iPad = "UIInterfaceOrientationLandscapeLeft UIInterfaceOrientationLandscapeRight UIInterfaceOrientationPortrait UIInterfaceOrientationPortraitUpsideDown";
				IPHONEOS_DEPLOYMENT_TARGET = 15.0;
				LD_RUNPATH_SEARCH_PATHS = (
					"$(inherited)",
					"@executable_path/Frameworks",
				);
				MARKETING_VERSION = 1.0;
				PRODUCT_BUNDLE_IDENTIFIER = xyz.taflanidi.InputMaskSwiftUI;
				PRODUCT_NAME = "$(TARGET_NAME)";
				SWIFT_EMIT_LOC_STRINGS = YES;
				SWIFT_VERSION = 5.0;
				TARGETED_DEVICE_FAMILY = "1,2";
			};
			name = Release;
		};
/* End XCBuildConfiguration section */

/* Begin XCConfigurationList section */
		8A1C5C8129CB0EEF00896D32 /* Build configuration list for PBXProject "InputMaskSwiftUI" */ = {
			isa = XCConfigurationList;
			buildConfigurations = (
				8A1C5C9229CB0EF000896D32 /* Debug */,
				8A1C5C9329CB0EF000896D32 /* Release */,
			);
			defaultConfigurationIsVisible = 0;
			defaultConfigurationName = Release;
		};
		8A1C5C9429CB0EF000896D32 /* Build configuration list for PBXNativeTarget "InputMaskSwiftUI" */ = {
			isa = XCConfigurationList;
			buildConfigurations = (
				8A1C5C9529CB0EF000896D32 /* Debug */,
				8A1C5C9629CB0EF000896D32 /* Release */,
			);
			defaultConfigurationIsVisible = 0;
			defaultConfigurationName = Release;
		};
/* End XCConfigurationList section */

/* Begin XCRemoteSwiftPackageReference section */
		8A205E9C29D6EED80019D86E /* XCRemoteSwiftPackageReference "input-mask-ios" */ = {
			isa = XCRemoteSwiftPackageReference;
			repositoryURL = "https://github.com/RedMadRobot/input-mask-ios";
			requirement = {
				branch = master;
				kind = branch;
			};
		};
/* End XCRemoteSwiftPackageReference section */

/* Begin XCSwiftPackageProductDependency section */
		8A205E9D29D6EED80019D86E /* InputMask */ = {
			isa = XCSwiftPackageProductDependency;
			package = 8A205E9C29D6EED80019D86E /* XCRemoteSwiftPackageReference "input-mask-ios" */;
			productName = InputMask;
		};
/* End XCSwiftPackageProductDependency section */
	};
	rootObject = 8A1C5C7E29CB0EEF00896D32 /* Project object */;
}
