{
  "pins" : [
    {
      "identity" : "input-mask-ios",
      "kind" : "remoteSourceControl",
      "location" : "https://github.com/RedMadRobot/input-mask-ios",
      "state" : {
        "branch" : "development",
        "revision" : "5f86403de2d36a7e2a8922fdea122e63091285ed"
      }
    }
  ],
  "version" : 2
}
