{
  "pins" : [
    {
      "identity" : "input-mask-ios",
      "kind" : "remoteSourceControl",
      "location" : "https://github.com/RedMadRobot/input-mask-ios",
      "state" : {
        "branch" : "master",
        "revision" : "5051524855c590159fb96dc49d8b358d6841607e"
      }
    }
  ],
  "version" : 2
}
